
Microsoft Visual Studio Solution File, Format Version 12.00
# Visual Studio Version 17
VisualStudioVersion = 17.2.32616.157
MinimumVisualStudioVersion = 10.0.40219.1
Project("{FAE04EC0-301F-11D3-BF4B-00C04F79EFBC}") = "EClerx.WebAPI.Demo1", "EClerx.WebAPI.Demo1\EClerx.WebAPI.Demo1.csproj", "{F8FE6E16-89AA-44B6-A87F-559C751F5A62}"
EndProject
Global
	GlobalSection(SolutionConfigurationPlatforms) = preSolution
		Debug|Any CPU = Debug|Any CPU
		Release|Any CPU = Release|Any CPU
	EndGlobalSection
	GlobalSection(ProjectConfigurationPlatforms) = postSolution
		{F8FE6E16-89AA-44B6-A87F-559C751F5A62}.Debug|Any CPU.ActiveCfg = Debug|Any CPU
		{F8FE6E16-89AA-44B6-A87F-559C751F5A62}.Debug|Any CPU.Build.0 = Debug|Any CPU
		{F8FE6E16-89AA-44B6-A87F-559C751F5A62}.Release|Any CPU.ActiveCfg = Release|Any CPU
		{F8FE6E16-89AA-44B6-A87F-559C751F5A62}.Release|Any CPU.Build.0 = Release|Any CPU
	EndGlobalSection
	GlobalSection(SolutionProperties) = preSolution
		HideSolutionNode = FALSE
	EndGlobalSection
	GlobalSection(ExtensibilityGlobals) = postSolution
		SolutionGuid = {14FAE64D-8805-4422-BA2D-5502904224C4}
	EndGlobalSection
EndGlobal
